{
  "originHash" : "5388aa3cc6c3173238b3505ee4b4d37f6712d350c12ae24e62bb03507c9abeea",
  "pins" : [
    {
      "identity" : "nfcpassportreader",
      "kind" : "remoteSourceControl",
      "location" : "https://github.com/arsenstorm/NFCPassportReader",
      "state" : {
        "revision" : "f20ce4becc34e95d698882a1e2bcca7f4e8c895b",
        "version" : "3.0.0"
      }
    },
    {
      "identity" : "openssl-package",
      "kind" : "remoteSourceControl",
      "location" : "https://github.com/krzyzanowskim/OpenSSL-Package.git",
      "state" : {
        "revision" : "71dbe0b4514cdaad95961470db72e8231f5943a6",
        "version" : "3.3.3001"
      }
    }
  ],
  "version" : 3
}
